{
  "name": "first-project",
  "lockfileVersion": 2,
  "requires": true,
  "packages": {
    "": {
      "dependencies": {
        "three": "^0.140.1",
        "three-full": "^28.0.2"
      }
    },
    "node_modules/three": {
      "version": "0.140.1",
      "resolved": "https://registry.npmjs.org/three/-/three-0.140.1.tgz",
      "integrity": "sha512-gjTMCfmbXtjD/U1Thw2Lbq4FR6H2kcy7+bd09OSqiPwU5X49va87QC2Kbrdzg8MQvkCbKAagaIbf3m3rCqmcYg=="
    },
    "node_modules/three-full": {
      "version": "28.0.2",
      "resolved": "https://registry.npmjs.org/three-full/-/three-full-28.0.2.tgz",
      "integrity": "sha512-KJKj47qYcRbT6efPQ5kV5/uxiIq9lX0tf/eK2B6KarqRUY8JcF+vN9R5r+6wZMekBrO/sGD6gEQkKUcCN7G7tA=="
    }
  },
  "dependencies": {
    "three": {
      "version": "0.140.1",
      "resolved": "https://registry.npmjs.org/three/-/three-0.140.1.tgz",
      "integrity": "sha512-gjTMCfmbXtjD/U1Thw2Lbq4FR6H2kcy7+bd09OSqiPwU5X49va87QC2Kbrdzg8MQvkCbKAagaIbf3m3rCqmcYg=="
    },
    "three-full": {
      "version": "28.0.2",
      "resolved": "https://registry.npmjs.org/three-full/-/three-full-28.0.2.tgz",
      "integrity": "sha512-KJKj47qYcRbT6efPQ5kV5/uxiIq9lX0tf/eK2B6KarqRUY8JcF+vN9R5r+6wZMekBrO/sGD6gEQkKUcCN7G7tA=="
    }
  }
}
